hash: d8fecf46e2d0a74b5187faf8df04b0c7d47763fa2c07f4ace158cbbe669486a7
updated: 2016-09-28T12:00:24.487538627+01:00
imports:
- name: github.com/fortifi/proto-go
  version: 10d14649bfdf06fb560c8dfccb7f870a0325c985
  subpackages:
  - discovery
  - imperium
- name: github.com/golang/protobuf
  version: 87c000235d3d852c1628dc9490cd21ab36a7d69f
  subpackages:
  - proto
  - ptypes/timestamp
- name: github.com/satori/go.uuid
  version: 879c5887cd475cd7864858769793b2ceb0d44feb
- name: golang.org/x/net
  version: f09c4662a0bd6bd8943ac7b4931e185df9471da4
  subpackages:
  - context
  - http2
  - trace
  - http2/hpack
  - idna
  - lex/httplex
  - internal/timeseries
- name: google.golang.org/grpc
  version: 0032a855ba5c8a3c8e0d71c2deef354b70af1584
  subpackages:
  - credentials
  - codes
  - grpclog
  - internal
  - metadata
  - naming
  - transport
  - peer
- name: gopkg.in/yaml.v2
  version: 31c299268d302dd0aa9a0dcf765a3d58971ac83f
testImports: []
