hash: d8fecf46e2d0a74b5187faf8df04b0c7d47763fa2c07f4ace158cbbe669486a7
updated: 2016-09-16T09:26:37.310772643+01:00
imports:
- name: github.com/fortifi/proto-go
  version: 2d3f27b559c5eba0a9892a0d0dc256060510d3cf
  subpackages:
  - discovery
  - imperium
- name: github.com/golang/protobuf
  version: 1f49d83d9aa00e6ce4fc8258c71cc7786aec968a
  subpackages:
  - proto
  - ptypes/timestamp
- name: github.com/satori/go.uuid
  version: 879c5887cd475cd7864858769793b2ceb0d44feb
- name: golang.org/x/net
  version: 71a035914f99bb58fe82eac0f1289f10963d876c
  subpackages:
  - context
  - http2
  - trace
  - http2/hpack
  - idna
  - lex/httplex
  - internal/timeseries
- name: google.golang.org/grpc
  version: 0032a855ba5c8a3c8e0d71c2deef354b70af1584
  subpackages:
  - credentials
  - codes
  - grpclog
  - internal
  - metadata
  - naming
  - transport
  - peer
- name: gopkg.in/yaml.v2
  version: 31c299268d302dd0aa9a0dcf765a3d58971ac83f
testImports: []
